
Microsoft Visual Studio Solution File, Format Version 12.00
# Visual Studio Version 16
VisualStudioVersion = 16.0.29424.173
MinimumVisualStudioVersion = 10.0.40219.1
Project("{FAE04EC0-301F-11D3-BF4B-00C04F79EFBC}") = "Kast Ajansı(SON)", "Kast Ajansı(SON).csproj", "{0A149D41-DE29-4CE0-9438-9C891C405468}"
EndProject
Global
	GlobalSection(SolutionConfigurationPlatforms) = preSolution
		Debug|Any CPU = Debug|Any CPU
		Release|Any CPU = Release|Any CPU
	EndGlobalSection
	GlobalSection(ProjectConfigurationPlatforms) = postSolution
		{0A149D41-DE29-4CE0-9438-9C891C405468}.Debug|Any CPU.ActiveCfg = Debug|Any CPU
		{0A149D41-DE29-4CE0-9438-9C891C405468}.Debug|Any CPU.Build.0 = Debug|Any CPU
		{0A149D41-DE29-4CE0-9438-9C891C405468}.Release|Any CPU.ActiveCfg = Release|Any CPU
		{0A149D41-DE29-4CE0-9438-9C891C405468}.Release|Any CPU.Build.0 = Release|Any CPU
	EndGlobalSection
	GlobalSection(SolutionProperties) = preSolution
		HideSolutionNode = FALSE
	EndGlobalSection
	GlobalSection(ExtensibilityGlobals) = postSolution
		SolutionGuid = {2AF5C880-29F2-4A57-A9F1-80BA28BEAE22}
	EndGlobalSection
EndGlobal
